PODS:
  - Firebase/Auth (5.10.0):
    - Firebase/CoreOnly
    - FirebaseAuth (= 5.0.4)
  - Firebase/CoreOnly (5.10.0):
    - FirebaseCore (= 5.1.5)
  - Firebase/Database (5.10.0):
    - Firebase/CoreOnly
    - FirebaseDatabase (= 5.0.3)
  - Firebase/Storage (5.10.0):
    - Firebase/CoreOnly
    - FirebaseStorage (= 3.0.2)
  - FirebaseAuth (5.0.4):
    - FirebaseAuthInterop (~> 1.0)
    - FirebaseCore (~> 5.0)
    - GoogleUtilities/Environment (~> 5.2)
    - GTMSessionFetcher/Core (~> 1.1)
  - FirebaseAuthInterop (1.0.0)
  - FirebaseCore (5.1.5):
    - GoogleUtilities/Logger (~> 5.2)
  - FirebaseDatabase (5.0.3):
    - FirebaseCore (~> 5.0)
    - leveldb-library (~> 1.18)
  - FirebaseStorage (3.0.2):
    - FirebaseAuthInterop (~> 1.0)
    - FirebaseCore (~> 5.0)
    - GTMSessionFetcher/Core (~> 1.1)
  - GoogleUtilities/Environment (5.3.2)
  - GoogleUtilities/Logger (5.3.2):
    - GoogleUtilities/Environment
  - GTMSessionFetcher/Core (1.2.0)
  - leveldb-library (1.20)

DEPENDENCIES:
  - Firebase/Auth
  - Firebase/Database
  - Firebase/Storage

SPEC REPOS:
  https://github.com/cocoapods/specs.git:
    - Firebase
    - FirebaseAuth
    - FirebaseAuthInterop
    - FirebaseCore
    - FirebaseDatabase
    - FirebaseStorage
    - GoogleUtilities
    - GTMSessionFetcher
    - leveldb-library

SPEC CHECKSUMS:
  Firebase: 6691d47562a780c26281ce8464518faafc90c610
  FirebaseAuth: 504b198ceb3472dca5c65bb95544ea44cfc9439e
  FirebaseAuthInterop: 0ffa57668be100582bb7643d4fcb7615496c41fc
  FirebaseCore: c6079de64c1a87000e52e9b408dddcadc901177f
  FirebaseDatabase: e2bcbc106adc4b11a2da3ec2eb63c0c4a44f2f54
  FirebaseStorage: fd82e5e5c474897e19972b34b22ac0f589dce04e
  GoogleUtilities: 82f04aeff8426309dbdbc75f6c8accd1e584a5da
  GTMSessionFetcher: 0c4baf0a73acd0041bf9f71ea018deedab5ea84e
  leveldb-library: 08cba283675b7ed2d99629a4bc5fd052cd2bb6a5

PODFILE CHECKSUM: 8d608f00f4af6830147698761116c27270bea32e

COCOAPODS: 1.5.3
